
Microsoft Visual Studio Solution File, Format Version 12.00
# Visual Studio Version 16
VisualStudioVersion = 16.0.28917.182
MinimumVisualStudioVersion = 10.0.40219.1
Project("{FAE04EC0-301F-11D3-BF4B-00C04F79EFBC}") = "Ceg.Console", "Ceg.Console\Ceg.Console.csproj", "{25E78DD4-656E-4C3B-847E-E3386F2DB4A8}"
EndProject
Project("{FAE04EC0-301F-11D3-BF4B-00C04F79EFBC}") = "Ceg.Tests", "Ceg.Tests\Ceg.Tests.csproj", "{8E2F230E-4253-4661-9538-EC0054BB9350}"
EndProject
Project("{2150E333-8FDC-42A3-9474-1A3956D46DE8}") = "Solution Items", "Solution Items", "{3720F25B-2F23-421B-AE3C-A9D2981BB98D}"
	ProjectSection(SolutionItems) = preProject
		.editorconfig = .editorconfig
		.gitignore = .gitignore
		LICENSE.md = LICENSE.md
		README.md = README.md
	EndProjectSection
EndProject
Global
	GlobalSection(SolutionConfigurationPlatforms) = preSolution
		Debug|Any CPU = Debug|Any CPU
		Release|Any CPU = Release|Any CPU
	EndGlobalSection
	GlobalSection(ProjectConfigurationPlatforms) = postSolution
		{25E78DD4-656E-4C3B-847E-E3386F2DB4A8}.Debug|Any CPU.ActiveCfg = Debug|Any CPU
		{25E78DD4-656E-4C3B-847E-E3386F2DB4A8}.Debug|Any CPU.Build.0 = Debug|Any CPU
		{25E78DD4-656E-4C3B-847E-E3386F2DB4A8}.Release|Any CPU.ActiveCfg = Release|Any CPU
		{25E78DD4-656E-4C3B-847E-E3386F2DB4A8}.Release|Any CPU.Build.0 = Release|Any CPU
		{8E2F230E-4253-4661-9538-EC0054BB9350}.Debug|Any CPU.ActiveCfg = Debug|Any CPU
		{8E2F230E-4253-4661-9538-EC0054BB9350}.Debug|Any CPU.Build.0 = Debug|Any CPU
		{8E2F230E-4253-4661-9538-EC0054BB9350}.Release|Any CPU.ActiveCfg = Release|Any CPU
		{8E2F230E-4253-4661-9538-EC0054BB9350}.Release|Any CPU.Build.0 = Release|Any CPU
	EndGlobalSection
	GlobalSection(SolutionProperties) = preSolution
		HideSolutionNode = FALSE
	EndGlobalSection
	GlobalSection(ExtensibilityGlobals) = postSolution
		SolutionGuid = {B92AD4C1-1A21-4AEB-8816-F4DD5F316A24}
	EndGlobalSection
EndGlobal
